// !$*UTF8*$!
{
	archiveVersion = 1;
	classes = {
	};
	objectVersion = 77;
	objects = {

/* Begin PBXBuildFile section */
		5C0000000000000000000101 /* ShouciCore in Frameworks */ = {isa = PBXBuildFile; productRef = 5C0000000000000000000102 /* ShouciCore */; };
		5C000000000000000000011F /* ShouciCore in Frameworks */ = {isa = PBXBuildFile; productRef = 5C000000000000000000011E /* ShouciCore */; };
/* End PBXBuildFile section */

/* Begin PBXFileReference section */
		5C0000000000000000000103 /* Shouci.app */ = {isa = PBXFileReference; explicitFileType = wrapper.application; includeInIndex = 0; path = Shouci.app; sourceTree = BUILT_PRODUCTS_DIR; };
		5C0000000000000000000114 /* ShouciTests.xctest */ = {isa = PBXFileReference; explicitFileType = wrapper.cfbundle; includeInIndex = 0; path = ShouciTests.xctest; sourceTree = BUILT_PRODUCTS_DIR; };
/* End PBXFileReference section */

/* Begin PBXFileSystemSynchronizedRootGroup section */
		5C0000000000000000000104 /* Shouci */ = {
			isa = PBXFileSystemSynchronizedRootGroup;
			path = Shouci;
			sourceTree = "<group>";
		};
		5C0000000000000000000115 /* ShouciTests */ = {
			isa = PBXFileSystemSynchronizedRootGroup;
			path = ShouciTests;
			sourceTree = "<group>";
		};
/* End PBXFileSystemSynchronizedRootGroup section */

/* Begin PBXFrameworksBuildPhase section */
		5C0000000000000000000105 /* Frameworks */ = {
			isa = PBXFrameworksBuildPhase;
			buildActionMask = 2147483647;
			files = (
				5C0000000000000000000101 /* ShouciCore in Frameworks */,
			);
			runOnlyForDeploymentPostprocessing = 0;
		};
		5C000000000000000000011B /* Frameworks */ = {
			isa = PBXFrameworksBuildPhase;
			buildActionMask = 2147483647;
			files = (
				5C000000000000000000011F /* ShouciCore in Frameworks */,
			);
			runOnlyForDeploymentPostprocessing = 0;
		};
/* End PBXFrameworksBuildPhase section */

/* Begin PBXGroup section */
		5C0000000000000000000106 = {
			isa = PBXGroup;
			children = (
				5C0000000000000000000104 /* Shouci */,
				5C0000000000000000000115 /* ShouciTests */,
				5C0000000000000000000107 /* Products */,
			);
			sourceTree = "<group>";
		};
		5C0000000000000000000107 /* Products */ = {
			isa = PBXGroup;
			children = (
				5C0000000000000000000103 /* Shouci.app */,
				5C0000000000000000000114 /* ShouciTests.xctest */,
			);
			name = Products;
			sourceTree = "<group>";
		};
/* End PBXGroup section */

/* Begin PBXNativeTarget section */
		5C0000000000000000000108 /* Shouci */ = {
			isa = PBXNativeTarget;
			buildConfigurationList = 5C0000000000000000000109 /* Build configuration list for PBXNativeTarget "Shouci" */;
			buildPhases = (
				5C000000000000000000010A /* Check Rust core */,
				5C000000000000000000010B /* Sources */,
				5C0000000000000000000105 /* Frameworks */,
				5C000000000000000000010C /* Resources */,
			);
			buildRules = (
			);
			dependencies = (
			);
			fileSystemSynchronizedGroups = (
				5C0000000000000000000104 /* Shouci */,
			);
			name = Shouci;
			packageProductDependencies = (
				5C0000000000000000000102 /* ShouciCore */,
			);
			productName = Shouci;
			productReference = 5C0000000000000000000103 /* Shouci.app */;
			productType = "com.apple.product-type.application";
		};
		5C0000000000000000000116 /* ShouciTests */ = {
			isa = PBXNativeTarget;
			buildConfigurationList = 5C0000000000000000000117 /* Build configuration list for PBXNativeTarget "ShouciTests" */;
			buildPhases = (
				5C000000000000000000011D /* Check Rust core */,
				5C000000000000000000011A /* Sources */,
				5C000000000000000000011B /* Frameworks */,
				5C000000000000000000011C /* Resources */,
			);
			buildRules = (
			);
			dependencies = (
			);
			fileSystemSynchronizedGroups = (
				5C0000000000000000000104 /* Shouci */,
				5C0000000000000000000115 /* ShouciTests */,
			);
			name = ShouciTests;
			packageProductDependencies = (
				5C000000000000000000011E /* ShouciCore */,
			);
			productName = ShouciTests;
			productReference = 5C0000000000000000000114 /* ShouciTests.xctest */;
			productType = "com.apple.product-type.bundle.unit-test";
		};
/* End PBXNativeTarget section */

/* Begin PBXProject section */
		5C000000000000000000010D /* Project object */ = {
			isa = PBXProject;
			attributes = {
				BuildIndependentTargetsInParallel = 1;
				LastSwiftUpdateCheck = 2700;
				LastUpgradeCheck = 2700;
				TargetAttributes = {
					5C0000000000000000000108 = {
						CreatedOnToolsVersion = 27.0;
					};
					5C0000000000000000000116 = {
						CreatedOnToolsVersion = 27.0;
					};
				};
			};
			buildConfigurationList = 5C000000000000000000010E /* Build configuration list for PBXProject "Shouci" */;
			developmentRegion = en;
			hasScannedForEncodings = 0;
			knownRegions = (
				en,
				Base,
			);
			mainGroup = 5C0000000000000000000106;
			minimizedProjectReferenceProxies = 1;
			packageReferences = (
				5C000000000000000000010F /* XCLocalSwiftPackageReference "ShouciCore" */,
			);
			preferredProjectObjectVersion = 77;
			productRefGroup = 5C0000000000000000000107 /* Products */;
			projectDirPath = "";
			projectRoot = "";
			targets = (
				5C0000000000000000000108 /* Shouci */,
				5C0000000000000000000116 /* ShouciTests */,
			);
		};
/* End PBXProject section */

/* Begin PBXResourcesBuildPhase section */
		5C000000000000000000010C /* Resources */ = {
			isa = PBXResourcesBuildPhase;
			buildActionMask = 2147483647;
			files = (
			);
			runOnlyForDeploymentPostprocessing = 0;
		};
		5C000000000000000000011C /* Resources */ = {
			isa = PBXResourcesBuildPhase;
			buildActionMask = 2147483647;
			files = (
			);
			runOnlyForDeploymentPostprocessing = 0;
		};
/* End PBXResourcesBuildPhase section */

/* Begin PBXShellScriptBuildPhase section */
		5C000000000000000000010A /* Check Rust core */ = {
			isa = PBXShellScriptBuildPhase;
			alwaysOutOfDate = 1;
			buildActionMask = 2147483647;
			files = (
			);
			inputFileListPaths = (
			);
			inputPaths = (
			);
			name = "Check Rust core";
			outputFileListPaths = (
			);
			outputPaths = (
			);
			runOnlyForDeploymentPostprocessing = 0;
			shellPath = /bin/sh;
			shellScript = "\"${SRCROOT}/scripts/check-core.sh\"\n";
			showEnvVarsInLog = 0;
		};
		5C000000000000000000011D /* Check Rust core */ = {
			isa = PBXShellScriptBuildPhase;
			alwaysOutOfDate = 1;
			buildActionMask = 2147483647;
			files = (
			);
			inputFileListPaths = (
			);
			inputPaths = (
			);
			name = "Check Rust core";
			outputFileListPaths = (
			);
			outputPaths = (
			);
			runOnlyForDeploymentPostprocessing = 0;
			shellPath = /bin/sh;
			shellScript = "\"${SRCROOT}/scripts/check-core.sh\"\n";
			showEnvVarsInLog = 0;
		};
/* End PBXShellScriptBuildPhase section */

/* Begin PBXSourcesBuildPhase section */
		5C000000000000000000010B /* Sources */ = {
			isa = PBXSourcesBuildPhase;
			buildActionMask = 2147483647;
			files = (
			);
			runOnlyForDeploymentPostprocessing = 0;
		};
		5C000000000000000000011A /* Sources */ = {
			isa = PBXSourcesBuildPhase;
			buildActionMask = 2147483647;
			files = (
			);
			runOnlyForDeploymentPostprocessing = 0;
		};
/* End PBXSourcesBuildPhase section */

/* Begin XCBuildConfiguration section */
		5C0000000000000000000110 /* Debug */ = {
			isa = XCBuildConfiguration;
			buildSettings = {
				ALWAYS_SEARCH_USER_PATHS = NO;
				ASSETCATALOG_COMPILER_GENERATE_SWIFT_ASSET_SYMBOL_EXTENSIONS = YES;
				CLANG_ENABLE_MODULES = YES;
				CLANG_ENABLE_OBJC_ARC = YES;
				COPY_PHASE_STRIP = NO;
				DEBUG_INFORMATION_FORMAT = dwarf;
				ENABLE_STRICT_OBJC_MSGSEND = YES;
				ENABLE_TESTABILITY = YES;
				ENABLE_USER_SCRIPT_SANDBOXING = YES;
				GCC_DYNAMIC_NO_PIC = NO;
				GCC_OPTIMIZATION_LEVEL = 0;
				GCC_PREPROCESSOR_DEFINITIONS = (
					"DEBUG=1",
					"$(inherited)",
				);
				MACOSX_DEPLOYMENT_TARGET = 14.0;
				ONLY_ACTIVE_ARCH = YES;
				SDKROOT = macosx;
				SWIFT_ACTIVE_COMPILATION_CONDITIONS = "DEBUG $(inherited)";
				SWIFT_OPTIMIZATION_LEVEL = "-Onone";
			};
			name = Debug;
		};
		5C0000000000000000000111 /* Release */ = {
			isa = XCBuildConfiguration;
			buildSettings = {
				ALWAYS_SEARCH_USER_PATHS = NO;
				ASSETCATALOG_COMPILER_GENERATE_SWIFT_ASSET_SYMBOL_EXTENSIONS = YES;
				CLANG_ENABLE_MODULES = YES;
				CLANG_ENABLE_OBJC_ARC = YES;
				COPY_PHASE_STRIP = NO;
				DEBUG_INFORMATION_FORMAT = "dwarf-with-dsym";
				ENABLE_NS_ASSERTIONS = NO;
				ENABLE_STRICT_OBJC_MSGSEND = YES;
				ENABLE_USER_SCRIPT_SANDBOXING = YES;
				MACOSX_DEPLOYMENT_TARGET = 14.0;
				SDKROOT = macosx;
				SWIFT_COMPILATION_MODE = wholemodule;
			};
			name = Release;
		};
		5C0000000000000000000112 /* Debug */ = {
			isa = XCBuildConfiguration;
			buildSettings = {
				ASSETCATALOG_COMPILER_APPICON_NAME = AppIcon;
				ASSETCATALOG_COMPILER_GLOBAL_ACCENT_COLOR_NAME = AccentColor;
				CODE_SIGN_IDENTITY = "-";
				CODE_SIGN_STYLE = Manual;
				COMBINE_HIDPI_IMAGES = YES;
				CURRENT_PROJECT_VERSION = 1;
				DEVELOPMENT_TEAM = "";
				ENABLE_APP_SANDBOX = NO;
				ENABLE_HARDENED_RUNTIME = NO;
				ENABLE_USER_SCRIPT_SANDBOXING = NO;
				GENERATE_INFOPLIST_FILE = YES;
				INFOPLIST_KEY_CFBundleDisplayName = Shouci;
				INFOPLIST_KEY_LSApplicationCategoryType = "public.app-category.education";
				INFOPLIST_KEY_LSUIElement = YES;
				INFOPLIST_KEY_NSHumanReadableCopyright = "Free and open source under the MIT license.";
				LD_RUNPATH_SEARCH_PATHS = (
					"$(inherited)",
					"@executable_path/../Frameworks",
				);
				MARKETING_VERSION = 1.0.0;
				PRODUCT_BUNDLE_IDENTIFIER = com.zacharyzampa.shouci;
				PRODUCT_NAME = "$(TARGET_NAME)";
				SWIFT_VERSION = 6.0;
			};
			name = Debug;
		};
		5C0000000000000000000113 /* Release */ = {
			isa = XCBuildConfiguration;
			buildSettings = {
				ASSETCATALOG_COMPILER_APPICON_NAME = AppIcon;
				ASSETCATALOG_COMPILER_GLOBAL_ACCENT_COLOR_NAME = AccentColor;
				CODE_SIGN_IDENTITY = "-";
				CODE_SIGN_STYLE = Manual;
				COMBINE_HIDPI_IMAGES = YES;
				CURRENT_PROJECT_VERSION = 1;
				DEVELOPMENT_TEAM = "";
				ENABLE_APP_SANDBOX = NO;
				ENABLE_HARDENED_RUNTIME = NO;
				ENABLE_USER_SCRIPT_SANDBOXING = NO;
				GENERATE_INFOPLIST_FILE = YES;
				INFOPLIST_KEY_CFBundleDisplayName = Shouci;
				INFOPLIST_KEY_LSApplicationCategoryType = "public.app-category.education";
				INFOPLIST_KEY_LSUIElement = YES;
				INFOPLIST_KEY_NSHumanReadableCopyright = "Free and open source under the MIT license.";
				LD_RUNPATH_SEARCH_PATHS = (
					"$(inherited)",
					"@executable_path/../Frameworks",
				);
				MARKETING_VERSION = 1.0.0;
				PRODUCT_BUNDLE_IDENTIFIER = com.zacharyzampa.shouci;
				PRODUCT_NAME = "$(TARGET_NAME)";
				SWIFT_VERSION = 6.0;
			};
			name = Release;
		};
		5C0000000000000000000118 /* Debug */ = {
			isa = XCBuildConfiguration;
			buildSettings = {
				CODE_SIGN_IDENTITY = "-";
				CODE_SIGN_STYLE = Manual;
				DEVELOPMENT_TEAM = "";
				ENABLE_USER_SCRIPT_SANDBOXING = NO;
				GENERATE_INFOPLIST_FILE = YES;
				PRODUCT_BUNDLE_IDENTIFIER = com.zacharyzampa.shouci.tests;
				PRODUCT_NAME = "$(TARGET_NAME)";
				SWIFT_VERSION = 6.0;
			};
			name = Debug;
		};
		5C0000000000000000000119 /* Release */ = {
			isa = XCBuildConfiguration;
			buildSettings = {
				CODE_SIGN_IDENTITY = "-";
				CODE_SIGN_STYLE = Manual;
				DEVELOPMENT_TEAM = "";
				ENABLE_USER_SCRIPT_SANDBOXING = NO;
				GENERATE_INFOPLIST_FILE = YES;
				PRODUCT_BUNDLE_IDENTIFIER = com.zacharyzampa.shouci.tests;
				PRODUCT_NAME = "$(TARGET_NAME)";
				SWIFT_VERSION = 6.0;
			};
			name = Release;
		};
/* End XCBuildConfiguration section */

/* Begin XCConfigurationList section */
		5C0000000000000000000109 /* Build configuration list for PBXNativeTarget "Shouci" */ = {
			isa = XCConfigurationList;
			buildConfigurations = (
				5C0000000000000000000112 /* Debug */,
				5C0000000000000000000113 /* Release */,
			);
			defaultConfigurationIsVisible = 0;
			defaultConfigurationName = Release;
		};
		5C000000000000000000010E /* Build configuration list for PBXProject "Shouci" */ = {
			isa = XCConfigurationList;
			buildConfigurations = (
				5C0000000000000000000110 /* Debug */,
				5C0000000000000000000111 /* Release */,
			);
			defaultConfigurationIsVisible = 0;
			defaultConfigurationName = Release;
		};
		5C0000000000000000000117 /* Build configuration list for PBXNativeTarget "ShouciTests" */ = {
			isa = XCConfigurationList;
			buildConfigurations = (
				5C0000000000000000000118 /* Debug */,
				5C0000000000000000000119 /* Release */,
			);
			defaultConfigurationIsVisible = 0;
			defaultConfigurationName = Release;
		};
/* End XCConfigurationList section */

/* Begin XCLocalSwiftPackageReference section */
		5C000000000000000000010F /* XCLocalSwiftPackageReference "ShouciCore" */ = {
			isa = XCLocalSwiftPackageReference;
			relativePath = ShouciCore;
		};
/* End XCLocalSwiftPackageReference section */

/* Begin XCSwiftPackageProductDependency section */
		5C0000000000000000000102 /* ShouciCore */ = {
			isa = XCSwiftPackageProductDependency;
			productName = ShouciCore;
		};
		5C000000000000000000011E /* ShouciCore */ = {
			isa = XCSwiftPackageProductDependency;
			productName = ShouciCore;
		};
/* End XCSwiftPackageProductDependency section */
	};
	rootObject = 5C000000000000000000010D /* Project object */;
}
